
Microsoft Visual Studio Solution File, Format Version 12.00
# Visual Studio Version 16
VisualStudioVersion = 16.0.30804.86
MinimumVisualStudioVersion = 10.0.40219.1
Project("{2150E333-8FDC-42A3-9474-1A3956D46DE8}") = "WebApi", "WebApi", "{4275A6DF-3CD2-445C-A6E5-8C331F7B4CA2}"
EndProject
Project("{2150E333-8FDC-42A3-9474-1A3956D46DE8}") = "MvcClient", "MvcClient", "{81454A87-CDFB-477C-9FA4-05094F7672B3}"
EndProject
Project("{9A19103F-16F7-4668-BE54-9A1E7A4F7556}") = "BussinesLayer", "BussinesLayer\BussinesLayer.csproj", "{D40934BB-2352-47C5-BBAC-419CB20C5A9F}"
EndProject
Project("{9A19103F-16F7-4668-BE54-9A1E7A4F7556}") = "BussinessDTO", "BussinessDTO\BussinessDTO.csproj", "{7DDD43AD-8962-4B39-B553-E7FE2629FB10}"
EndProject
Project("{9A19103F-16F7-4668-BE54-9A1E7A4F7556}") = "Services", "Services\Services.csproj", "{736B66A2-974A-48D4-9191-99FA38D74A43}"
EndProject
Project("{9A19103F-16F7-4668-BE54-9A1E7A4F7556}") = "Repositories", "Repositories\Repositories.csproj", "{EBE74F50-406D-4245-853A-26C3EC6BB5B3}"
EndProject
Project("{9A19103F-16F7-4668-BE54-9A1E7A4F7556}") = "BussinessCommon", "BussinessCommon\BussinessCommon.csproj", "{E1143B0A-4E76-4773-9967-6ABF24546470}"
EndProject
Project("{9A19103F-16F7-4668-BE54-9A1E7A4F7556}") = "WebApiCore", "WebApiCore\WebApiCore.csproj", "{0654ACDE-3C53-4B93-9944-68FE03247419}"
EndProject
Project("{9A19103F-16F7-4668-BE54-9A1E7A4F7556}") = "RestAPI", "RestAPI\RestAPI.csproj", "{7EB9EDDA-22A6-4E9C-8D7A-7F479DADB5CB}"
EndProject
Project("{9A19103F-16F7-4668-BE54-9A1E7A4F7556}") = "UIService", "UIService\UIService.csproj", "{DB43E3A7-FAD9-4998-A0C2-EC83BEAC264F}"
EndProject
Project("{FAE04EC0-301F-11D3-BF4B-00C04F79EFBC}") = "DevExtremeClient", "DevExtremeClient\DevExtremeClient.csproj", "{DD35C3B9-E821-4082-8DA2-1CC210B9B88E}"
EndProject
Global
	GlobalSection(SolutionConfigurationPlatforms) = preSolution
		Debug|Any CPU = Debug|Any CPU
		Release|Any CPU = Release|Any CPU
	EndGlobalSection
	GlobalSection(ProjectConfigurationPlatforms) = postSolution
		{D40934BB-2352-47C5-BBAC-419CB20C5A9F}.Debug|Any CPU.ActiveCfg = Debug|Any CPU
		{D40934BB-2352-47C5-BBAC-419CB20C5A9F}.Debug|Any CPU.Build.0 = Debug|Any CPU
		{D40934BB-2352-47C5-BBAC-419CB20C5A9F}.Release|Any CPU.ActiveCfg = Release|Any CPU
		{D40934BB-2352-47C5-BBAC-419CB20C5A9F}.Release|Any CPU.Build.0 = Release|Any CPU
		{7DDD43AD-8962-4B39-B553-E7FE2629FB10}.Debug|Any CPU.ActiveCfg = Debug|Any CPU
		{7DDD43AD-8962-4B39-B553-E7FE2629FB10}.Debug|Any CPU.Build.0 = Debug|Any CPU
		{7DDD43AD-8962-4B39-B553-E7FE2629FB10}.Release|Any CPU.ActiveCfg = Release|Any CPU
		{7DDD43AD-8962-4B39-B553-E7FE2629FB10}.Release|Any CPU.Build.0 = Release|Any CPU
		{736B66A2-974A-48D4-9191-99FA38D74A43}.Debug|Any CPU.ActiveCfg = Debug|Any CPU
		{736B66A2-974A-48D4-9191-99FA38D74A43}.Debug|Any CPU.Build.0 = Debug|Any CPU
		{736B66A2-974A-48D4-9191-99FA38D74A43}.Release|Any CPU.ActiveCfg = Release|Any CPU
		{736B66A2-974A-48D4-9191-99FA38D74A43}.Release|Any CPU.Build.0 = Release|Any CPU
		{EBE74F50-406D-4245-853A-26C3EC6BB5B3}.Debug|Any CPU.ActiveCfg = Debug|Any CPU
		{EBE74F50-406D-4245-853A-26C3EC6BB5B3}.Debug|Any CPU.Build.0 = Debug|Any CPU
		{EBE74F50-406D-4245-853A-26C3EC6BB5B3}.Release|Any CPU.ActiveCfg = Release|Any CPU
		{EBE74F50-406D-4245-853A-26C3EC6BB5B3}.Release|Any CPU.Build.0 = Release|Any CPU
		{E1143B0A-4E76-4773-9967-6ABF24546470}.Debug|Any CPU.ActiveCfg = Debug|Any CPU
		{E1143B0A-4E76-4773-9967-6ABF24546470}.Debug|Any CPU.Build.0 = Debug|Any CPU
		{E1143B0A-4E76-4773-9967-6ABF24546470}.Release|Any CPU.ActiveCfg = Release|Any CPU
		{E1143B0A-4E76-4773-9967-6ABF24546470}.Release|Any CPU.Build.0 = Release|Any CPU
		{0654ACDE-3C53-4B93-9944-68FE03247419}.Debug|Any CPU.ActiveCfg = Debug|Any CPU
		{0654ACDE-3C53-4B93-9944-68FE03247419}.Debug|Any CPU.Build.0 = Debug|Any CPU
		{0654ACDE-3C53-4B93-9944-68FE03247419}.Release|Any CPU.ActiveCfg = Release|Any CPU
		{0654ACDE-3C53-4B93-9944-68FE03247419}.Release|Any CPU.Build.0 = Release|Any CPU
		{7EB9EDDA-22A6-4E9C-8D7A-7F479DADB5CB}.Debug|Any CPU.ActiveCfg = Debug|Any CPU
		{7EB9EDDA-22A6-4E9C-8D7A-7F479DADB5CB}.Debug|Any CPU.Build.0 = Debug|Any CPU
		{7EB9EDDA-22A6-4E9C-8D7A-7F479DADB5CB}.Release|Any CPU.ActiveCfg = Release|Any CPU
		{7EB9EDDA-22A6-4E9C-8D7A-7F479DADB5CB}.Release|Any CPU.Build.0 = Release|Any CPU
		{DB43E3A7-FAD9-4998-A0C2-EC83BEAC264F}.Debug|Any CPU.ActiveCfg = Debug|Any CPU
		{DB43E3A7-FAD9-4998-A0C2-EC83BEAC264F}.Debug|Any CPU.Build.0 = Debug|Any CPU
		{DB43E3A7-FAD9-4998-A0C2-EC83BEAC264F}.Release|Any CPU.ActiveCfg = Release|Any CPU
		{DB43E3A7-FAD9-4998-A0C2-EC83BEAC264F}.Release|Any CPU.Build.0 = Release|Any CPU
		{DD35C3B9-E821-4082-8DA2-1CC210B9B88E}.Debug|Any CPU.ActiveCfg = Debug|Any CPU
		{DD35C3B9-E821-4082-8DA2-1CC210B9B88E}.Debug|Any CPU.Build.0 = Debug|Any CPU
		{DD35C3B9-E821-4082-8DA2-1CC210B9B88E}.Release|Any CPU.ActiveCfg = Release|Any CPU
		{DD35C3B9-E821-4082-8DA2-1CC210B9B88E}.Release|Any CPU.Build.0 = Release|Any CPU
	EndGlobalSection
	GlobalSection(SolutionProperties) = preSolution
		HideSolutionNode = FALSE
	EndGlobalSection
	GlobalSection(NestedProjects) = preSolution
		{D40934BB-2352-47C5-BBAC-419CB20C5A9F} = {4275A6DF-3CD2-445C-A6E5-8C331F7B4CA2}
		{7DDD43AD-8962-4B39-B553-E7FE2629FB10} = {4275A6DF-3CD2-445C-A6E5-8C331F7B4CA2}
		{736B66A2-974A-48D4-9191-99FA38D74A43} = {4275A6DF-3CD2-445C-A6E5-8C331F7B4CA2}
		{EBE74F50-406D-4245-853A-26C3EC6BB5B3} = {4275A6DF-3CD2-445C-A6E5-8C331F7B4CA2}
		{E1143B0A-4E76-4773-9967-6ABF24546470} = {4275A6DF-3CD2-445C-A6E5-8C331F7B4CA2}
		{0654ACDE-3C53-4B93-9944-68FE03247419} = {4275A6DF-3CD2-445C-A6E5-8C331F7B4CA2}
		{7EB9EDDA-22A6-4E9C-8D7A-7F479DADB5CB} = {81454A87-CDFB-477C-9FA4-05094F7672B3}
		{DB43E3A7-FAD9-4998-A0C2-EC83BEAC264F} = {81454A87-CDFB-477C-9FA4-05094F7672B3}
		{DD35C3B9-E821-4082-8DA2-1CC210B9B88E} = {81454A87-CDFB-477C-9FA4-05094F7672B3}
	EndGlobalSection
	GlobalSection(ExtensibilityGlobals) = postSolution
		SolutionGuid = {31A10D89-074D-4F62-A564-44CD523974D4}
	EndGlobalSection
EndGlobal
